{
  "version": "5",
  "specifiers": {
    "jsr:@std/assert@1": "1.0.13",
    "jsr:@std/cli@1": "1.0.21",
    "jsr:@std/fmt@1": "1.0.8",
    "jsr:@std/internal@^1.0.6": "1.0.10",
    "jsr:@std/internal@^1.0.9": "1.0.10",
    "jsr:@std/path@1": "1.1.1"
  },
  "jsr": {
    "@std/assert@1.0.13": {
      "integrity": "ae0d31e41919b12c656c742b22522c32fb26ed0cba32975cb0de2a273cb68b29",
      "dependencies": [
        "jsr:@std/internal@^1.0.6"
      ]
    },
    "@std/cli@1.0.21": {
      "integrity": "cd25b050bdf6282e321854e3822bee624f07aca7636a3a76d95f77a3a919ca2a"
    },
    "@std/fmt@1.0.8": {
      "integrity": "71e1fc498787e4434d213647a6e43e794af4fd393ef8f52062246e06f7e372b7"
    },
    "@std/internal@1.0.10": {
      "integrity": "e3be62ce42cab0e177c27698e5d9800122f67b766a0bea6ca4867886cbde8cf7"
    },
    "@std/path@1.1.1": {
      "integrity": "fe00026bd3a7e6a27f73709b83c607798be40e20c81dde655ce34052fd82ec76",
      "dependencies": [
        "jsr:@std/internal@^1.0.9"
      ]
    }
  },
  "workspace": {
    "dependencies": [
      "jsr:@std/assert@1",
      "jsr:@std/cli@1",
      "jsr:@std/fmt@1",
      "jsr:@std/path@1"
    ]
  }
}
